
Microsoft Visual Studio Solution File, Format Version 12.00
# Visual Studio Version 17
VisualStudioVersion = 17.3.32929.385
MinimumVisualStudioVersion = 10.0.40219.1
Project("{FAE04EC0-301F-11D3-BF4B-00C04F79EFBC}") = "Lab3", "Lab3.csproj", "{EA0A634A-6AEF-4406-9652-B4487B90276D}"
EndProject
Global
	GlobalSection(SolutionConfigurationPlatforms) = preSolution
		Debug|Any CPU = Debug|Any CPU
		Release|Any CPU = Release|Any CPU
	EndGlobalSection
	GlobalSection(ProjectConfigurationPlatforms) = postSolution
		{EA0A634A-6AEF-4406-9652-B4487B90276D}.Debug|Any CPU.ActiveCfg = Debug|Any CPU
		{EA0A634A-6AEF-4406-9652-B4487B90276D}.Debug|Any CPU.Build.0 = Debug|Any CPU
		{EA0A634A-6AEF-4406-9652-B4487B90276D}.Release|Any CPU.ActiveCfg = Release|Any CPU
		{EA0A634A-6AEF-4406-9652-B4487B90276D}.Release|Any CPU.Build.0 = Release|Any CPU
	EndGlobalSection
	GlobalSection(SolutionProperties) = preSolution
		HideSolutionNode = FALSE
	EndGlobalSection
	GlobalSection(ExtensibilityGlobals) = postSolution
		SolutionGuid = {36A4D88D-EB54-4075-AC8A-72E0220A52C3}
	EndGlobalSection
EndGlobal
